
Microsoft Visual Studio Solution File, Format Version 12.00
# Visual Studio Version 17
VisualStudioVersion = 17.14.36518.9 d17.14
MinimumVisualStudioVersion = 10.0.40219.1
Project("{FAE04EC0-301F-11D3-BF4B-00C04F79EFBC}") = "LibraryWeb", "LibraryWeb\LibraryWeb.csproj", "{C58CDBBF-CD63-42A8-97BD-10A9D3B278C9}"
EndProject
Global
	GlobalSection(SolutionConfigurationPlatforms) = preSolution
		Debug|Any CPU = Debug|Any CPU
		Release|Any CPU = Release|Any CPU
	EndGlobalSection
	GlobalSection(ProjectConfigurationPlatforms) = postSolution
		{C58CDBBF-CD63-42A8-97BD-10A9D3B278C9}.Debug|Any CPU.ActiveCfg = Debug|Any CPU
		{C58CDBBF-CD63-42A8-97BD-10A9D3B278C9}.Debug|Any CPU.Build.0 = Debug|Any CPU
		{C58CDBBF-CD63-42A8-97BD-10A9D3B278C9}.Release|Any CPU.ActiveCfg = Release|Any CPU
		{C58CDBBF-CD63-42A8-97BD-10A9D3B278C9}.Release|Any CPU.Build.0 = Release|Any CPU
	EndGlobalSection
	GlobalSection(SolutionProperties) = preSolution
		HideSolutionNode = FALSE
	EndGlobalSection
	GlobalSection(ExtensibilityGlobals) = postSolution
		SolutionGuid = {42D3F748-43D0-45DA-AD6B-29AB6CE4BD75}
	EndGlobalSection
EndGlobal
